<Solution>
  <Folder Name="/src/" />
  <Folder Name="/src/API/" />
  <Folder Name="/src/Core/">
    <Project Path="HR.LeaveManagement.Domain/HR.LeaveManagement.Domain.csproj" Id="6cbeb2b0-df66-4501-9d33-c586a6cbc305" />
  </Folder>
  <Folder Name="/src/Infrastructure/" />
  <Folder Name="/src/UI/" />
  <Folder Name="/Test/" />
</Solution>
